# This file is automatically @generated by Cargo.
# It is not intended for manual editing.
version = 4

[[package]]
name = "matter-compiler"
version = "0.1.0"
dependencies = [
 "matter-context",
 "matter-ir",
 "matter-sdk",
]

[[package]]
name = "matter-context"
version = "0.1.0"

[[package]]
name = "matter-ir"
version = "0.1.0"

[[package]]
name = "matter-sdk"
version = "0.1.0"
dependencies = [
 "matter-compiler",
 "matter-context",
 "matter-ir",
]
