# This file is automatically @generated by Cargo.
# It is not intended for manual editing.
version = 4

[[package]]
name = "design-sdk"
version = "0.1.0"
dependencies = [
 "ir",
 "manufacturing-context",
]

[[package]]
name = "ir"
version = "0.1.0"

[[package]]
name = "manufacturing-context"
version = "0.1.0"
